charm.land/bubbles/v2 v2.1.1 h1:7r55WzBxpo/R3z98hGmY7KKPd3ET6vsf0Fb9sDHOV60=
charm.land/bubbles/v2 v2.1.1/go.mod h1:GE6M31gaWZVXzGw73OeuTTgy4lX+OtkH0E5ymnNsHxo=
charm.land/bubbletea/v2 v2.0.8 h1:SxTJMhCAI3lbPmy4SgX5LWZ24AdINr4I6UEqzZvYJuY=
charm.land/bubbletea/v2 v2.0.8/go.mod h1:2SkdgoTXluXJHOUwAoRlRXF/28vklb1rFl6GcgV1/ss=
charm.land/lipgloss/v2 v2.0.5 h1:kbNxgeeUOYv5J0YdpxFjfvf3dFvqH8Aci4zB6xqFtrY=
charm.land/lipgloss/v2 v2.0.5/go.mod h1:9oqhxt4yxIMe6q5A4kHr44DremZk7J9UNh74GlWa5nc=
github.com/JoshVarga/blast v0.0.0-20210808061142-eadad17358e8 h1:9bbQDlx6h7MyNk3Ljr5wNqFQ5gEhX7pE4j7EHL86/2Q=
github.com/JoshVarga/blast v0.0.0-20210808061142-eadad17358e8/go.mod h1:rwSKMTLI/8tbw6YDRqtd3Hc0OI3eP/tSTVKshyd8dO8=
github.com/MakeNowJust/heredoc v1.0.0 h1:cXCdzVdstXyiTqTvfqk9SDHpKNjxuom+DOlyEeQ4pzQ=
github.com/MakeNowJust/heredoc v1.0.0/go.mod h1:mG5amYoWBHf8vpLOuehzbGGw0EHxpZZ6lCpQ4fNJ8LE=
github.com/asticode/go-astiav v0.41.0 h1:HZCQ71lPqRQHHIQ5cShrHEq9HtX0NiWIHm7FZ2Jk+x8=
github.com/asticode/go-astiav v0.41.0/go.mod h1:GI0pHw6K2/pl/o8upCtT49P/q4KCwhv/8nGLlCsZLdA=
github.com/asticode/go-astikit v0.42.0 h1:pnir/2KLUSr0527Tv908iAH6EGYYrYta132vvjXsH5w=
github.com/asticode/go-astikit v0.42.0/go.mod h1:h4ly7idim1tNhaVkdVBeXQZEE3L0xblP7fCWbgwipF0=
github.com/atotto/clipboard v0.1.4 h1:EH0zSVneZPSuFR11BlR9YppQTVDbh5+16AmcJi4g1z4=
github.com/atotto/clipboard v0.1.4/go.mod h1:ZY9tmq7sm5xIbd9bOK4onWV4S6X0u6GY7Vn0Yu86PYI=
github.com/aymanbagabas/go-udiff v0.4.1 h1:OEIrQ8maEeDBXQDoGCbbTTXYJMYRCRO1fnodZ12Gv5o=
github.com/aymanbagabas/go-udiff v0.4.1/go.mod h1:0L9PGwj20lrtmEMeyw4WKJ/TMyDtvAoK9bf2u/mNo3w=
github.com/charmbracelet/colorprofile v0.4.3 h1:QPa1IWkYI+AOB+fE+mg/5/4HRMZcaXex9t5KX76i20Q=
github.com/charmbracelet/colorprofile v0.4.3/go.mod h1:/zT4BhpD5aGFpqQQqw7a+VtHCzu+zrQtt1zhMt9mR4Q=
github.com/charmbracelet/ultraviolet v0.0.0-20260703014108-f5a850f9c2b7 h1:3FmWoGNWK4STvqg0O0Aeav2T7rodWJAPeF0QpH+8gFw=
github.com/charmbracelet/ultraviolet v0.0.0-20260703014108-f5a850f9c2b7/go.mod h1:f/jRa757WUmaOZrbPspXymbg/GnbF+rwe4OLsG7aXYo=
github.com/charmbracelet/x/ansi v0.11.7 h1:kzv1kJvjg2S3r9KHo8hDdHFQLEqn4RBCb39dAYC84jI=
github.com/charmbracelet/x/ansi v0.11.7/go.mod h1:9qGpnAVYz+8ACONkZBUWPtL7lulP9No6p1epAihUZwQ=
github.com/charmbracelet/x/exp/golden v0.0.0-20250806222409-83e3a29d542f h1:pk6gmGpCE7F3FcjaOEKYriCvpmIN4+6OS/RD0vm4uIA=
github.com/charmbracelet/x/exp/golden v0.0.0-20250806222409-83e3a29d542f/go.mod h1:IfZAMTHB6XkZSeXUqriemErjAWCCzT0LwjKFYCZyw0I=
github.com/charmbracelet/x/term v0.2.2 h1:xVRT/S2ZcKdhhOuSP4t5cLi5o+JxklsoEObBSgfgZRk=
github.com/charmbracelet/x/term v0.2.2/go.mod h1:kF8CY5RddLWrsgVwpw4kAa6TESp6EB5y3uxGLeCqzAI=
github.com/charmbracelet/x/termios v0.1.1 h1:o3Q2bT8eqzGnGPOYheoYS8eEleT5ZVNYNy8JawjaNZY=
github.com/charmbracelet/x/termios v0.1.1/go.mod h1:rB7fnv1TgOPOyyKRJ9o+AsTU/vK5WHJ2ivHeut/Pcwo=
github.com/charmbracelet/x/windows v0.2.2 h1:IofanmuvaxnKHuV04sC0eBy/smG6kIKrWG2/jYn2GuM=
github.com/charmbracelet/x/windows v0.2.2/go.mod h1:/8XtdKZzedat74NQFn0NGlGL4soHB0YQZrETF96h75k=
github.com/clipperhouse/displaywidth v0.11.0 h1:lBc6kY44VFw+TDx4I8opi/EtL9m20WSEFgwIwO+UVM8=
github.com/clipperhouse/displaywidth v0.11.0/go.mod h1:bkrFNkf81G8HyVqmKGxsPufD3JhNl3dSqnGhOoSD/o0=
github.com/clipperhouse/uax29/v2 v2.7.0 h1:+gs4oBZ2gPfVrKPthwbMzWZDaAFPGYK72F0NJv2v7Vk=
github.com/clipperhouse/uax29/v2 v2.7.0/go.mod h1:EFJ2TJMRUaplDxHKj1qAEhCtQPW2tJSwu5BF98AuoVM=
github.com/davecgh/go-spew v1.1.0/go.mod h1:J7Y8YcW2NihsgmVo/mv3lAwl/skON4iLHjSsI+c5H38=
github.com/davecgh/go-spew v1.1.1 h1:vj9j/u1bqnvCEfJOwUhtlOARqs3+rkHYY13jYWTU97c=
github.com/davecgh/go-spew v1.1.1/go.mod h1:J7Y8YcW2NihsgmVo/mv3lAwl/skON4iLHjSsI+c5H38=
github.com/ebitengine/gomobile v0.0.0-20250923094054-ea854a63cce1 h1:+kz5iTT3L7uU+VhlMfTb8hHcxLO3TlaELlX8wa4XjA0=
github.com/ebitengine/gomobile v0.0.0-20250923094054-ea854a63cce1/go.mod h1:lKJoeixeJwnFmYsBny4vvCJGVFc3aYDalhuDsfZzWHI=
github.com/ebitengine/hideconsole v1.0.0 h1:5J4U0kXF+pv/DhiXt5/lTz0eO5ogJ1iXb8Yj1yReDqE=
github.com/ebitengine/hideconsole v1.0.0/go.mod h1:hTTBTvVYWKBuxPr7peweneWdkUwEuHuB3C1R/ielR1A=
github.com/ebitengine/purego v0.10.0 h1:QIw4xfpWT6GWTzaW5XEKy3HXoqrJGx1ijYHzTF0/ISU=
github.com/ebitengine/purego v0.10.0/go.mod h1:iIjxzd6CiRiOG0UyXP+V1+jWqUXVjPKLAI0mRfJZTmQ=
github.com/gen2brain/raylib-go/raylib v0.60.0 h1:KsP7W3EMkmb9zztivdgbh1bXR78pEuqP6jeUR8GCbEA=
github.com/gen2brain/raylib-go/raylib v0.60.0/go.mod h1:puAMU7Zcx6VJ6pcZSSs3gGFPyFvJuTwQlfm4KzeoXy8=
github.com/gocarina/gocsv v0.0.0-20230616125104-99d496ca653d h1:KbPOUXFUDJxwZ04vbmDOc3yuruGvVO+LOa7cVER3yWw=
github.com/gocarina/gocsv v0.0.0-20230616125104-99d496ca653d/go.mod h1:5YoVOkjYAQumqlV356Hj3xeYh4BdZuLE0/nRkf2NKkI=
github.com/google/uuid v1.1.5 h1:kxhtnfFVi+rYdOALN0B3k9UT86zVJKfBimRaciULW4I=
github.com/google/uuid v1.1.5/go.mod h1:TIyPZe4MgqvfeYDBFedMoGGpEw/LqOeaOT+nhxU+yHo=
github.com/gravestench/akara v0.1.4 h1:ByhJMiXOyZsfVvnn98Vbt26e5svBqmfo6Sqv6Ec3vUo=
github.com/gravestench/akara v0.1.4/go.mod h1:JBhME9Phc5JyKawR947KC5IG2SAIbJQ4JN2BYPXBJeI=
github.com/gravestench/bitstream v0.3.0 h1:DfGKco4vEJmLnmSItU8fgz4eKRO3CU5/yltlptOKVc0=
github.com/gravestench/bitstream v0.3.0/go.mod h1:n9EqYA4ZZM9S8wdwSSVVHXzSVFtlxg2OIWRvbEqTxpM=
github.com/gravestench/cof v0.2.1 h1:zpqGQ+QQ++gHZ6WmCinGSCBosDuZK1cbkvbfowYaGko=
github.com/gravestench/cof v0.2.1/go.mod h1:PKxpczoqAXuwGwWVfLuHqwq99yMXNTgf9jDHnxU3qMY=
github.com/gravestench/dc6 v0.2.0 h1:RPcFTeT3rxBvYok/PUYtTxOrCyUmsI4Bh8A82uZJKSA=
github.com/gravestench/dc6 v0.2.0/go.mod h1:FSBaEhaZUrnjdUMDWkDrXyTzxZYl0KlJRZc1h4OpOfI=
github.com/gravestench/dc6 v0.2.1-0.20260818200931-243152efbc82 h1:Eat/bXAOCUYIhmrHwwHGMW22PrAk5QybTDVFwDlQ3kw=
github.com/gravestench/dc6 v0.2.1-0.20260818200931-243152efbc82/go.mod h1:FSBaEhaZUrnjdUMDWkDrXyTzxZYl0KlJRZc1h4OpOfI=
github.com/gravestench/dcc v0.3.2 h1:7jYLv6Dcop8sXdkFP1SvPBhPUNllejwRODzpveNabvc=
github.com/gravestench/dcc v0.3.2/go.mod h1:5z+uaRNj0mTP3NYkIfIkzwE3rGePljNQXweJMebM+gc=
github.com/gravestench/ds1 v0.2.0 h1:FMzVN8PjStepDdOx7SXRI/lFxPaPxPxJvevv8ERAhZw=
github.com/gravestench/ds1 v0.2.0/go.mod h1:j0tDvRX8EaO4guHCzq/9F10DOJif2IB2Xvz1mEWnxPc=
github.com/gravestench/ds1 v0.2.1-0.20260819204140-c25fae6ef7a8 h1:1rBt1Az67P898qgAxMj0E5o3O6CYtuX9QLQ7+bjJEEY=
github.com/gravestench/ds1 v0.2.1-0.20260819204140-c25fae6ef7a8/go.mod h1:j0tDvRX8EaO4guHCzq/9F10DOJif2IB2Xvz1mEWnxPc=
github.com/gravestench/dt1 v0.3.2-0.20260811213836-e413758e7628 h1:bXVS/DEWFQZUVMlCSBSeBpN/x1dPm6TRIvOlapHXBM8=
github.com/gravestench/dt1 v0.3.2-0.20260811213836-e413758e7628/go.mod h1:vqmYuxN/bKmA39MDuS1E32JXK7rTQY1nQswto0d4G5o=
github.com/gravestench/mathlib v0.0.0-20210913201844-54cd9b7a1e9e h1:/vTh+8tKvHy2lNPPgAjlNNBFOPlOM8ObOSI8mgIgbSA=
github.com/gravestench/mathlib v0.0.0-20210913201844-54cd9b7a1e9e/go.mod h1:vJAc9hlwEWypZBGynn0tycP77gmybyMaoSxJeK4tLZ0=
github.com/gravestench/mpq v0.2.0 h1:irvQ5hmVV4T83cssbus7BOyTOjM7aio98jFCb/49yaI=
github.com/gravestench/mpq v0.2.0/go.mod h1:tstJmDzVcu9zTxvX2BaBq6nTTMmRklOEw9jc1mHv1FQ=
github.com/gravestench/pl2 v0.2.0 h1:yRm3wGmqWbRfmn/lCizzR33bQEA60z0UdDLJf8bpiF8=
github.com/gravestench/pl2 v0.2.0/go.mod h1:NejJboSMf/MYmm1DPc97Dtws3lnqHhfMM+W//OBDyps=
github.com/gravestench/tbl_text v0.2.1-0.20260817040431-98316da86804 h1:MHt1M4QlfmthcRDsSGFe+7LUOWzpns2E8NO9Hz46KZE=
github.com/gravestench/tbl_text v0.2.1-0.20260817040431-98316da86804/go.mod h1:Cw33p5B3pzxOu5oaj4p+nglMo6J+UUMo7NSE9tFNJhk=
github.com/gravestench/tsv v0.2.1 h1:nwBmXdS5CD6sI3oFdpvtar3ZwzvTYVUuZl2gnqR9WR0=
github.com/gravestench/tsv v0.2.1/go.mod h1:Y/9agPFwBUEniuqNLKbbIOyhPlZSUloA0mk4/Of4HKU=
github.com/gravestench/wav v0.1.0 h1:LBfyzhVYHz8M3bHqx7CCXa5wUqyuT6LXNGuH4hw1Tow=
github.com/gravestench/wav v0.1.0/go.mod h1:dICul72I5bCcY2kThu3OjmDBlrn/PYTmAoWGvilZgPU=
github.com/hajimehoshi/ebiten/v2 v2.9.9 h1:JdDag6Ndj12iD4lxQGG8kbsrh7ssj4Sbzth6r929H/M=
github.com/hajimehoshi/ebiten/v2 v2.9.9/go.mod h1:DAt4tnkYYpCvu3x9i1X/nK/vOruNXIlYq/tBXxnhrXM=
github.com/jackc/pgpassfile v1.0.0 h1:/6Hmqy13Ss2zCq62VdNG8tM1wchn8zjSGOBJ6icpsIM=
github.com/jackc/pgpassfile v1.0.0/go.mod h1:CEx0iS5ambNFdcRtxPj5JhEz+xB6uRky5eyVu/W2HEg=
github.com/jackc/pgservicefile v0.0.0-20240606120523-5a60cdf6a761 h1:iCEnooe7UlwOQYpKFhBabPMi4aNAfoODPEFNiAnClxo=
github.com/jackc/pgservicefile v0.0.0-20240606120523-5a60cdf6a761/go.mod h1:5TJZWKEWniPve33vlWYSoGYefn3gLQRzjfDlhSJ9ZKM=
github.com/jackc/pgx/v5 v5.10.0 h1:VhSvgU2jSli8o3AqIEOTJr7rZwAEUVo4E4XhR94Zfr0=
github.com/jackc/pgx/v5 v5.10.0/go.mod h1:mal1tBGAFfLHvZzaYh77YS/eC6IX9OWbRV1QIIM0Jn4=
github.com/jackc/puddle/v2 v2.2.2 h1:PR8nw+E/1w0GLuRFSmiioY6UooMp6KJv0/61nB7icHo=
github.com/jackc/puddle/v2 v2.2.2/go.mod h1:vriiEXHvEE654aYKXXjOvZM39qJ0q+azkZFrfEOc3H4=
github.com/jezek/xgb v1.1.1 h1:bE/r8ZZtSv7l9gk6nU0mYx51aXrvnyb44892TwSaqS4=
github.com/jezek/xgb v1.1.1/go.mod h1:nrhwO0FX/enq75I7Y7G8iN1ubpSGZEiA3v9e9GyRFlk=
github.com/jupiterrider/ffi v0.7.0 h1:RKsl6Ascal+3kyAqR5Qcbp83LceQMLc1VZbPfHWoNzs=
github.com/jupiterrider/ffi v0.7.0/go.mod h1:9dauhpOfNqrqk28fxuu0kkdeFtT9Qr4vbfigiuIXN7c=
github.com/lucasb-eyer/go-colorful v1.4.0 h1:UtrWVfLdarDgc44HcS7pYloGHJUjHV/4FwW4TvVgFr4=
github.com/lucasb-eyer/go-colorful v1.4.0/go.mod h1:R4dSotOR9KMtayYi1e77YzuveK+i7ruzyGqttikkLy0=
github.com/mattn/go-runewidth v0.0.24 h1:cpokDiIn0MGnhdHwuWnJBITySJ20QyNGnY2kR/ay2DU=
github.com/mattn/go-runewidth v0.0.24/go.mod h1:XBkDxAl56ILZc9knddidhrOlY5R/pDhgLpndooCuJAs=
github.com/muesli/cancelreader v0.2.2 h1:3I4Kt4BQjOR54NavqnDogx/MIoWBFa0StPA8ELUXHmA=
github.com/muesli/cancelreader v0.2.2/go.mod h1:3XuTXfFS2VjM+HTLZY9Ak0l6eUKfijIfMUZ4EgX0QYo=
github.com/pmezard/go-difflib v1.0.0 h1:4DBwDE0NGyQoBHbLQYPwSUPoCMWR5BEzIk/f1lZbAQM=
github.com/pmezard/go-difflib v1.0.0/go.mod h1:iKH77koFhYxTK1pcRnkKkqfTogsbg7gZNVY4sRDYZ/4=
github.com/quic-go/go-ossfuzz-seeds v0.1.0 h1:APacT+iIaNF6fd8AGEiN3bT/Jtkd2jz4v4TzM7MFjy0=
github.com/quic-go/go-ossfuzz-seeds v0.1.0/go.mod h1:3IOHRbJIc+L6YKMwfDtJAM9Vj9k0YY4muhuyUYk5tbk=
github.com/quic-go/quic-go v0.61.0 h1:ui88A53s8MSVYLC56en0KQ17HARk+9986Dn0SBfKNvA=
github.com/quic-go/quic-go v0.61.0/go.mod h1:9So2anK4Tp22URSQq00k+Vo2PNkle96ycDPDHL4s9vs=
github.com/rivo/uniseg v0.4.7 h1:WUdvkW8uEhrYfLC4ZzdpI2ztxP1I582+49Oc5Mq64VQ=
github.com/rivo/uniseg v0.4.7/go.mod h1:FN3SvrM+Zdj16jyLfmOkMNblXMcoc8DfTHruCPUcx88=
github.com/stretchr/objx v0.1.0/go.mod h1:HFkY916IF+rwdDfMAkV7OtwuqBVzrE8GR6GFx+wExME=
github.com/stretchr/testify v1.3.0/go.mod h1:M5WIy9Dh21IEIfnGCwXGc5bZfKNJtfHm1UVUgZn+9EI=
github.com/stretchr/testify v1.7.0/go.mod h1:6Fq8oRcR53rry900zMqJjRRixrwX3KX962/h/Wwjteg=
github.com/stretchr/testify v1.11.1 h1:7s2iGBzp5EwR7/aIZr8ao5+dra3wiQyKjjFuvgVKu7U=
github.com/stretchr/testify v1.11.1/go.mod h1:wZwfW3scLgRK+23gO65QZefKpKQRnfz6sD981Nm4B6U=
github.com/xo/terminfo v0.0.0-20220910002029-abceb7e1c41e h1:JVG44RsyaB9T2KIHavMF/ppJZNG9ZpyihvCd0w101no=
github.com/xo/terminfo v0.0.0-20220910002029-abceb7e1c41e/go.mod h1:RbqR21r5mrJuqunuUZ/Dhy/avygyECGrLceyNeo4LiM=
github.com/yuin/gopher-lua v1.1.0 h1:BojcDhfyDWgU2f2TOzYK/g5p2gxMrku8oupLDqlnSqE=
github.com/yuin/gopher-lua v1.1.0/go.mod h1:GBR0iDaNXjAgGg9zfCvksxSRnQx76gclCIb7kdAd1Pw=
go.uber.org/mock v0.5.2 h1:LbtPTcP8A5k9WPXj54PPPbjcI4Y6lhyOZXn+VS7wNko=
go.uber.org/mock v0.5.2/go.mod h1:wLlUxC2vVTPTaE3UD51E0BGOAElKrILxhVSDYQLld5o=
golang.org/x/crypto v0.54.0 h1:YLIA59K4fiNzHzjnZt2tUJQjQtUWfWbeHBqKtk3eScw=
golang.org/x/crypto v0.54.0/go.mod h1:KWL8ny2AZdGR2cWmzeHrp2azQPGogOv+HeQaVEXC2dk=
golang.org/x/exp v0.0.0-20240506185415-9bf2ced13842 h1:vr/HnozRka3pE4EsMEg1lgkXJkTFJCVUX+S/ZT6wYzM=
golang.org/x/exp v0.0.0-20240506185415-9bf2ced13842/go.mod h1:XtvwrStGgqGPLc4cjQfWqZHG1YFdYs6swckp8vpsjnc=
golang.org/x/image v0.43.0 h1:FLxcP4ec2350nTfOC8ysKtqYSIFbk/QGjw1ZHNP4tsY=
golang.org/x/image v0.43.0/go.mod h1:rrpelvGFt+kLPAjPM4HeWPgrl0FtafueU//e5N0qk/Q=
golang.org/x/net v0.56.0 h1:Rw8j/hFzGvJUZwNBXnAtf5sVDVt+65SK2C7IxCxZt5o=
golang.org/x/net v0.56.0/go.mod h1:D3Ku6r+V6JROoZK144D2XfMHFcMq/0zSfLelVTCFKec=
golang.org/x/sync v0.22.0 h1:SZjpbeLmrCk4xhRSZFNZW5gFUeCeFgjekvI/+gfScek=
golang.org/x/sync v0.22.0/go.mod h1:9xrNwdLfx4jkKbNva9FpL6vEN7evnE43NNNJQ2LF3+0=
golang.org/x/sys v0.47.0 h1:o7XGOvZQCADBQQ4Y7VNq2dRWQR7JmOUW8Kxx4ZsNgWs=
golang.org/x/sys v0.47.0/go.mod h1:4GL1E5IUh+htKOUEOaiffhrAeqysfVGipDYzABqnCmw=
golang.org/x/text v0.40.0 h1:Ub2Z6/xjgF1WrYQz2nuITOEegKFtiIy+rieRJ5lHZKs=
golang.org/x/text v0.40.0/go.mod h1:hpnzDAfGV753zIKo+wk3u1bVKCGPbrnF7+7LBF/UHVY=
gopkg.in/check.v1 v0.0.0-20161208181325-20d25e280405/go.mod h1:Co6ibVJAznAaIkqp8huTwlJQCZ016jof/cbN4VW5Yz0=
gopkg.in/yaml.v3 v3.0.0-20200313102051-9f266ea9e77c/go.mod h1:K4uyk7z7BCEPqu6E+C64Yfv1cQ7kz7rIZviUmN+EgEM=
gopkg.in/yaml.v3 v3.0.1 h1:fxVm/GzAzEWqLHuvctI91KS9hhNmmWOoWu0XTYJS7CA=
gopkg.in/yaml.v3 v3.0.1/go.mod h1:K4uyk7z7BCEPqu6E+C64Yfv1cQ7kz7rIZviUmN+EgEM=
