github.com/JoshVarga/blast v0.0.0-20210808061142-eadad17358e8 h1:9bbQDlx6h7MyNk3Ljr5wNqFQ5gEhX7pE4j7EHL86/2Q=
github.com/JoshVarga/blast v0.0.0-20210808061142-eadad17358e8/go.mod h1:rwSKMTLI/8tbw6YDRqtd3Hc0OI3eP/tSTVKshyd8dO8=
github.com/davecgh/go-spew v1.1.1 h1:vj9j/u1bqnvCEfJOwUhtlOARqs3+rkHYY13jYWTU97c=
github.com/davecgh/go-spew v1.1.1/go.mod h1:J7Y8YcW2NihsgmVo/mv3lAwl/skON4iLHjSsI+c5H38=
github.com/faiface/mainthread v0.0.0-20171120011319-8b78f0a41ae3 h1:baVdMKlASEHrj19iqjARrPbaRisD7EuZEVJj6ZMLl1Q=
github.com/faiface/mainthread v0.0.0-20171120011319-8b78f0a41ae3/go.mod h1:VEPNJUlxl5KdWjDvz6Q1l+rJlxF2i6xqDeGuGAxa87M=
github.com/gen2brain/raylib-go/raylib v0.0.0-20230928181314-dc2584151090 h1:fcItY8CT8TE/vYt/RGU3G5R8MnCDJ43k3FeTOjWrN1Y=
github.com/gen2brain/raylib-go/raylib v0.0.0-20230928181314-dc2584151090/go.mod h1:AwtGA3aTtYdezNxEVbfchaLw/z+CuRDh2Mlxy0FbBro=
github.com/google/uuid v1.1.5 h1:kxhtnfFVi+rYdOALN0B3k9UT86zVJKfBimRaciULW4I=
github.com/google/uuid v1.1.5/go.mod h1:TIyPZe4MgqvfeYDBFedMoGGpEw/LqOeaOT+nhxU+yHo=
github.com/gravestench/bitstream v0.0.0-20230929165245-6ff3168b856f h1:n47zmhKTdMYyxaFbfkXo6z9FgBI2WelPMlxTyKIRt1s=
github.com/gravestench/bitstream v0.0.0-20230929165245-6ff3168b856f/go.mod h1:n9EqYA4ZZM9S8wdwSSVVHXzSVFtlxg2OIWRvbEqTxpM=
github.com/gravestench/dc6 v0.0.0-20231220231028-04262d8f42c9 h1:jORMPq3PoHiQT/IXfzTZ75xpGgfGNQozMxqQHRvOzPo=
github.com/gravestench/dc6 v0.0.0-20231220231028-04262d8f42c9/go.mod h1:FSBaEhaZUrnjdUMDWkDrXyTzxZYl0KlJRZc1h4OpOfI=
github.com/gravestench/dcc v0.0.0-20230725074716-ae9b9d202b12 h1:VzQwWtANwsl/QyQrKaHzLRoH2M6P+7UwUKD5fEX8q3Y=
github.com/gravestench/dcc v0.0.0-20230725074716-ae9b9d202b12/go.mod h1:P2DSp78K9p1pDuWyz0GvG8OITIMOnuM3jiL/FUq/WjY=
github.com/gravestench/ds1 v0.0.0-20230725082814-64624a7ebc5c h1:wgObfLu4FFsvx0LZxkD1/v/HEQ21p409XukQ6f5XUMc=
github.com/gravestench/ds1 v0.0.0-20230725082814-64624a7ebc5c/go.mod h1:oIy1OCRY1DsGjO6oisv4PXINwv8Kwj+vfid+VuJqwdY=
github.com/gravestench/dt1 v0.0.0-20230929200150-517fdcf2176f h1:EwcCfGVaELR5Id+jOD73/BW/ipLsw0D0PPZenbyJ32w=
github.com/gravestench/dt1 v0.0.0-20230929200150-517fdcf2176f/go.mod h1:eC7SwOWMcf0EeEeuCvs8MnFFHGOVMbVgJnpjnaddgb0=
github.com/gravestench/mathlib v0.0.0-20210913201844-54cd9b7a1e9e h1:/vTh+8tKvHy2lNPPgAjlNNBFOPlOM8ObOSI8mgIgbSA=
github.com/gravestench/mathlib v0.0.0-20210913201844-54cd9b7a1e9e/go.mod h1:vJAc9hlwEWypZBGynn0tycP77gmybyMaoSxJeK4tLZ0=
github.com/gravestench/mpq v0.0.0-20240422203048-fb87f9ab3d86 h1:+F8rasyS5XYF5AlcGl1GFTB3nGE/4gDwnCywLnIahJE=
github.com/gravestench/mpq v0.0.0-20240422203048-fb87f9ab3d86/go.mod h1:WvjrGNJt/5dSSsd8PtSVKVNtGnfthvgOgx23QClA3SM=
github.com/gravestench/pl2 v0.0.0-20230725165913-2db58cb532a1 h1:UwZVjtHZxwDpw0hnFIeZI1D12sizb5xlA01hzEbeNsM=
github.com/gravestench/pl2 v0.0.0-20230725165913-2db58cb532a1/go.mod h1:nu8b5oIz96uvR5VEOxleAdij//n82cZiSCASR5D4shA=
github.com/gravestench/tbl_text v0.0.0-20230725174936-d9a704b9514a h1:txLTWwljPhNMdcVxoiHCNp69fsTzmohZX0ZsyQlQKUg=
github.com/gravestench/tbl_text v0.0.0-20230725174936-d9a704b9514a/go.mod h1:nCgGopQFXiXrGtzA735Tl6I7LqwQ1YNo0RQrmbnG/vs=
github.com/gravestench/wav v0.0.0-20230801222856-baef9562cbff h1:Imm3P6P3Hpi/F7utEi9+2OAfTmnTN1ojmVhEXjrNVyA=
github.com/gravestench/wav v0.0.0-20230801222856-baef9562cbff/go.mod h1:dICul72I5bCcY2kThu3OjmDBlrn/PYTmAoWGvilZgPU=
github.com/lucasb-eyer/go-colorful v1.2.0 h1:1nnpGOrhyZZuNyfu1QjKiUICQ74+3FNCN69Aj6K7nkY=
github.com/lucasb-eyer/go-colorful v1.2.0/go.mod h1:R4dSotOR9KMtayYi1e77YzuveK+i7ruzyGqttikkLy0=
github.com/pmezard/go-difflib v1.0.0 h1:4DBwDE0NGyQoBHbLQYPwSUPoCMWR5BEzIk/f1lZbAQM=
github.com/pmezard/go-difflib v1.0.0/go.mod h1:iKH77koFhYxTK1pcRnkKkqfTogsbg7gZNVY4sRDYZ/4=
github.com/stretchr/testify v1.8.4 h1:CcVxjf3Q8PM0mHUKJCdn+eZZtm5yQwehR5yeSVQQcUk=
github.com/stretchr/testify v1.8.4/go.mod h1:sz/lmYIOXD/1dqDmKjjqLyZ2RngseejIcXlSw2iwfAo=
github.com/yuin/gopher-lua v1.1.0 h1:BojcDhfyDWgU2f2TOzYK/g5p2gxMrku8oupLDqlnSqE=
github.com/yuin/gopher-lua v1.1.0/go.mod h1:GBR0iDaNXjAgGg9zfCvksxSRnQx76gclCIb7kdAd1Pw=
golang.org/x/image v0.0.0-20220302094943-723b81ca9867 h1:TcHcE0vrmgzNH1v3ppjcMGbhG5+9fMuvOmUYwNEF4q4=
golang.org/x/image v0.0.0-20220302094943-723b81ca9867/go.mod h1:023OzeP/+EPmXeapQh35lcL3II3LrY8Ic+EFFKVhULM=
golang.org/x/text v0.3.6/go.mod h1:5Zoc/QRtKVWzQhOtBMvqHzDpF6irO9z98xDceosuGiQ=
golang.org/x/tools v0.0.0-20180917221912-90fa682c2a6e/go.mod h1:n7NCudcB/nEzxVGmLbDWY5pfWTLqBcC2KZ6jyYvM4mQ=
gopkg.in/yaml.v3 v3.0.1 h1:fxVm/GzAzEWqLHuvctI91KS9hhNmmWOoWu0XTYJS7CA=
gopkg.in/yaml.v3 v3.0.1/go.mod h1:K4uyk7z7BCEPqu6E+C64Yfv1cQ7kz7rIZviUmN+EgEM=
