github.com/JoshVarga/blast v0.0.0-20210808061142-eadad17358e8 h1:9bbQDlx6h7MyNk3Ljr5wNqFQ5gEhX7pE4j7EHL86/2Q=
github.com/JoshVarga/blast v0.0.0-20210808061142-eadad17358e8/go.mod h1:rwSKMTLI/8tbw6YDRqtd3Hc0OI3eP/tSTVKshyd8dO8=
github.com/asticode/go-astiav v0.41.0 h1:HZCQ71lPqRQHHIQ5cShrHEq9HtX0NiWIHm7FZ2Jk+x8=
github.com/asticode/go-astiav v0.41.0/go.mod h1:GI0pHw6K2/pl/o8upCtT49P/q4KCwhv/8nGLlCsZLdA=
github.com/asticode/go-astikit v0.42.0 h1:pnir/2KLUSr0527Tv908iAH6EGYYrYta132vvjXsH5w=
github.com/asticode/go-astikit v0.42.0/go.mod h1:h4ly7idim1tNhaVkdVBeXQZEE3L0xblP7fCWbgwipF0=
github.com/davecgh/go-spew v1.1.1 h1:vj9j/u1bqnvCEfJOwUhtlOARqs3+rkHYY13jYWTU97c=
github.com/davecgh/go-spew v1.1.1/go.mod h1:J7Y8YcW2NihsgmVo/mv3lAwl/skON4iLHjSsI+c5H38=
github.com/ebitengine/purego v0.10.0 h1:QIw4xfpWT6GWTzaW5XEKy3HXoqrJGx1ijYHzTF0/ISU=
github.com/ebitengine/purego v0.10.0/go.mod h1:iIjxzd6CiRiOG0UyXP+V1+jWqUXVjPKLAI0mRfJZTmQ=
github.com/gen2brain/raylib-go/raylib v0.60.0 h1:KsP7W3EMkmb9zztivdgbh1bXR78pEuqP6jeUR8GCbEA=
github.com/gen2brain/raylib-go/raylib v0.60.0/go.mod h1:puAMU7Zcx6VJ6pcZSSs3gGFPyFvJuTwQlfm4KzeoXy8=
github.com/google/uuid v1.1.5 h1:kxhtnfFVi+rYdOALN0B3k9UT86zVJKfBimRaciULW4I=
github.com/google/uuid v1.1.5/go.mod h1:TIyPZe4MgqvfeYDBFedMoGGpEw/LqOeaOT+nhxU+yHo=
github.com/gravestench/bitstream v0.2.0 h1:Q1OccEw1u5GYNYzPaKXa1JyHuI38cI74AkAQGjPERDI=
github.com/gravestench/bitstream v0.2.0/go.mod h1:n9EqYA4ZZM9S8wdwSSVVHXzSVFtlxg2OIWRvbEqTxpM=
github.com/gravestench/cof v0.1.0 h1:7wd8h1lCbw5wOER/ZHj98vJYbt52I1ybq8b8UKkyUV0=
github.com/gravestench/cof v0.1.0/go.mod h1:ABI03DtRmA7YFUn0LqnPy/MRuknT1ELY/MvTDfBfD0M=
github.com/gravestench/dc6 v0.1.0 h1:cZphAnFagBsqO3CKyMTgvBnmX+0y3BBJ5B3Z5ApSOHc=
github.com/gravestench/dc6 v0.1.0/go.mod h1:FSBaEhaZUrnjdUMDWkDrXyTzxZYl0KlJRZc1h4OpOfI=
github.com/gravestench/dcc v0.1.0 h1:/Ko5prN/wmjxFc6L5PIlkmLn7xZoInPpSQ3+MXMY7Dk=
github.com/gravestench/dcc v0.1.0/go.mod h1:hh9VDtsjxSgR7pm1ydumj788E6mFYsZ4ABt2lEXlN7A=
github.com/gravestench/ds1 v0.1.0 h1:lQPzNPotIg0rYRHZ6a0ivkKvAJv28ehhsDxIimJ5ce8=
github.com/gravestench/ds1 v0.1.0/go.mod h1:1xOyWIWALFJyRIxV+vt6TlJ8Y40ik98qByvQwzQCNwY=
github.com/gravestench/dt1 v0.1.0 h1:L0+p4BVAORvn5ZJ17V1rKtPO+htggLhZbWYJqdaLIP8=
github.com/gravestench/dt1 v0.1.0/go.mod h1:eC7SwOWMcf0EeEeuCvs8MnFFHGOVMbVgJnpjnaddgb0=
github.com/gravestench/mathlib v0.0.0-20210913201844-54cd9b7a1e9e h1:/vTh+8tKvHy2lNPPgAjlNNBFOPlOM8ObOSI8mgIgbSA=
github.com/gravestench/mathlib v0.0.0-20210913201844-54cd9b7a1e9e/go.mod h1:vJAc9hlwEWypZBGynn0tycP77gmybyMaoSxJeK4tLZ0=
github.com/gravestench/mpq v0.1.0 h1:L+xafTRWPa9VwZ5zdxcX1u9cHRkOSbhWbYqVAW/3hi8=
github.com/gravestench/mpq v0.1.0/go.mod h1:WvjrGNJt/5dSSsd8PtSVKVNtGnfthvgOgx23QClA3SM=
github.com/gravestench/pl2 v0.1.0 h1:1whYtjZI4Tzi+KakEV3AtwrAESs5YEpsd/Vkp4gw8Y4=
github.com/gravestench/pl2 v0.1.0/go.mod h1:qEHIaarIiqhu+MoAW7U8gvxKNc04cRg/gzKySWFzNJw=
github.com/gravestench/tbl_text v0.1.0 h1:Vgo13thKVspnEl1EbX6UXKEvQmSYayKh+TQgoEFtWGc=
github.com/gravestench/tbl_text v0.1.0/go.mod h1:Dhk7kuMFbojtDeZ+C/vIFtqw2YP0nbqfCoamHjugWhU=
github.com/gravestench/wav v0.1.0 h1:LBfyzhVYHz8M3bHqx7CCXa5wUqyuT6LXNGuH4hw1Tow=
github.com/gravestench/wav v0.1.0/go.mod h1:dICul72I5bCcY2kThu3OjmDBlrn/PYTmAoWGvilZgPU=
github.com/jupiterrider/ffi v0.7.0 h1:RKsl6Ascal+3kyAqR5Qcbp83LceQMLc1VZbPfHWoNzs=
github.com/jupiterrider/ffi v0.7.0/go.mod h1:9dauhpOfNqrqk28fxuu0kkdeFtT9Qr4vbfigiuIXN7c=
github.com/lucasb-eyer/go-colorful v1.2.0 h1:1nnpGOrhyZZuNyfu1QjKiUICQ74+3FNCN69Aj6K7nkY=
github.com/lucasb-eyer/go-colorful v1.2.0/go.mod h1:R4dSotOR9KMtayYi1e77YzuveK+i7ruzyGqttikkLy0=
github.com/pmezard/go-difflib v1.0.0 h1:4DBwDE0NGyQoBHbLQYPwSUPoCMWR5BEzIk/f1lZbAQM=
github.com/pmezard/go-difflib v1.0.0/go.mod h1:iKH77koFhYxTK1pcRnkKkqfTogsbg7gZNVY4sRDYZ/4=
github.com/stretchr/testify v1.8.4 h1:CcVxjf3Q8PM0mHUKJCdn+eZZtm5yQwehR5yeSVQQcUk=
github.com/stretchr/testify v1.8.4/go.mod h1:sz/lmYIOXD/1dqDmKjjqLyZ2RngseejIcXlSw2iwfAo=
github.com/yuin/gopher-lua v1.1.0 h1:BojcDhfyDWgU2f2TOzYK/g5p2gxMrku8oupLDqlnSqE=
github.com/yuin/gopher-lua v1.1.0/go.mod h1:GBR0iDaNXjAgGg9zfCvksxSRnQx76gclCIb7kdAd1Pw=
golang.org/x/exp v0.0.0-20240506185415-9bf2ced13842 h1:vr/HnozRka3pE4EsMEg1lgkXJkTFJCVUX+S/ZT6wYzM=
golang.org/x/exp v0.0.0-20240506185415-9bf2ced13842/go.mod h1:XtvwrStGgqGPLc4cjQfWqZHG1YFdYs6swckp8vpsjnc=
golang.org/x/image v0.0.0-20220302094943-723b81ca9867 h1:TcHcE0vrmgzNH1v3ppjcMGbhG5+9fMuvOmUYwNEF4q4=
golang.org/x/image v0.0.0-20220302094943-723b81ca9867/go.mod h1:023OzeP/+EPmXeapQh35lcL3II3LrY8Ic+EFFKVhULM=
golang.org/x/text v0.3.6/go.mod h1:5Zoc/QRtKVWzQhOtBMvqHzDpF6irO9z98xDceosuGiQ=
golang.org/x/tools v0.0.0-20180917221912-90fa682c2a6e/go.mod h1:n7NCudcB/nEzxVGmLbDWY5pfWTLqBcC2KZ6jyYvM4mQ=
gopkg.in/yaml.v3 v3.0.1 h1:fxVm/GzAzEWqLHuvctI91KS9hhNmmWOoWu0XTYJS7CA=
gopkg.in/yaml.v3 v3.0.1/go.mod h1:K4uyk7z7BCEPqu6E+C64Yfv1cQ7kz7rIZviUmN+EgEM=
